{
    "_readme": [
        "This file locks the dependencies of your project to a known state",
        "Read more about it at https://getcomposer.org/doc/01-basic-usage.md#composer-lock-the-lock-file",
        "This file is @generated automatically"
    ],
    "hash": "c5aeff9487c7425612c1b1815ae49562",
    "content-hash": "403e8b7d0c69d5b6d84d64ae49a54b30",
    "packages": [
        {
            "name": "doctrine/inflector",
            "version": "v1.1.0",
            "source": {
                "type": "git",
                "url": "https://github.com/doctrine/inflector.git",
                "reference": "90b2128806bfde671b6952ab8bea493942c1fdae"
            },
            "dist": {
                "type": "zip",
                "url": "https://api.github.com/repos/doctrine/inflector/zipball/90b2128806bfde671b6952ab8bea493942c1fdae",
                "reference": "90b2128806bfde671b6952ab8bea493942c1fdae",
                "shasum": ""
            },
            "require": {
                "php": ">=5.3.2"
            },
            "require-dev": {
                "phpunit/phpunit": "4.*"
            },
            "type": "library",
            "extra": {
                "branch-alias": {
                    "dev-master": "1.1.x-dev"
                }
            },
            "autoload": {
                "psr-0": {
                    "Doctrine\\Common\\Inflector\\": "lib/"
                }
            },
            "notification-url": "https://packagist.org/downloads/",
            "license": [
                "MIT"
            ],
            "authors": [
                {
                    "name": "Roman Borschel",
                    "email": "roman@code-factory.org"
                },
                {
                    "name": "Benjamin Eberlei",
                    "email": "kontakt@beberlei.de"
                },
                {
                    "name": "Guilherme Blanco",
                    "email": "guilhermeblanco@gmail.com"
                },
                {
                    "name": "Jonathan Wage",
                    "email": "jonwage@gmail.com"
                },
                {
                    "name": "Johannes Schmitt",
                    "email": "schmittjoh@gmail.com"
                }
            ],
            "description": "Common String Manipulations with regard to casing and singular/plural rules.",
            "homepage": "http://www.doctrine-project.org",
            "keywords": [
                "inflection",
                "pluralize",
                "singularize",
                "string"
            ],
            "time": "2015-11-06 14:35:42"
        },
        {
            "name": "illuminate/container",
            "version": "v5.2.45",
            "source": {
                "type": "git",
                "url": "https://github.com/illuminate/container.git",
                "reference": "5139cebc8293b6820b91aef6f4b4e18bde33c9b2"
            },
            "dist": {
                "type": "zip",
                "url": "https://api.github.com/repos/illuminate/container/zipball/5139cebc8293b6820b91aef6f4b4e18bde33c9b2",
                "reference": "5139cebc8293b6820b91aef6f4b4e18bde33c9b2",
                "shasum": ""
            },
            "require": {
                "illuminate/contracts": "5.2.*",
                "php": ">=5.5.9"
            },
            "type": "library",
            "extra": {
                "branch-alias": {
                    "dev-master": "5.2-dev"
                }
            },
            "autoload": {
                "psr-4": {
                    "Illuminate\\Container\\": ""
                }
            },
            "notification-url": "https://packagist.org/downloads/",
            "license": [
                "MIT"
            ],
            "authors": [
                {
                    "name": "Taylor Otwell",
                    "email": "taylor@laravel.com"
                }
            ],
            "description": "The Illuminate Container package.",
            "homepage": "http://laravel.com",
            "time": "2016-08-01 13:49:14"
        },
        {
            "name": "illuminate/contracts",
            "version": "v5.2.45",
            "source": {
                "type": "git",
                "url": "https://github.com/illuminate/contracts.git",
                "reference": "22bde7b048a33c702d9737fc1446234fff9b1363"
            },
            "dist": {
                "type": "zip",
                "url": "https://api.github.com/repos/illuminate/contracts/zipball/22bde7b048a33c702d9737fc1446234fff9b1363",
                "reference": "22bde7b048a33c702d9737fc1446234fff9b1363",
                "shasum": ""
            },
            "require": {
                "php": ">=5.5.9"
            },
            "type": "library",
            "extra": {
                "branch-alias": {
                    "dev-master": "5.2-dev"
                }
            },
            "autoload": {
                "psr-4": {
                    "Illuminate\\Contracts\\": ""
                }
            },
            "notification-url": "https://packagist.org/downloads/",
            "license": [
                "MIT"
            ],
            "authors": [
                {
                    "name": "Taylor Otwell",
                    "email": "taylor@laravel.com"
                }
            ],
            "description": "The Illuminate Contracts package.",
            "homepage": "http://laravel.com",
            "time": "2016-08-08 11:46:08"
        },
        {
            "name": "illuminate/database",
            "version": "v5.2.45",
            "source": {
                "type": "git",
                "url": "https://github.com/illuminate/database.git",
                "reference": "4a70c0598ed41d18a99f23c12be4e22b5006d30a"
            },
            "dist": {
                "type": "zip",
                "url": "https://api.github.com/repos/illuminate/database/zipball/4a70c0598ed41d18a99f23c12be4e22b5006d30a",
                "reference": "4a70c0598ed41d18a99f23c12be4e22b5006d30a",
                "shasum": ""
            },
            "require": {
                "illuminate/container": "5.2.*",
                "illuminate/contracts": "5.2.*",
                "illuminate/support": "5.2.*",
                "nesbot/carbon": "~1.20",
                "php": ">=5.5.9"
            },
            "suggest": {
                "doctrine/dbal": "Required to rename columns and drop SQLite columns (~2.4).",
                "fzaninotto/faker": "Required to use the eloquent factory builder (~1.4).",
                "illuminate/console": "Required to use the database commands (5.2.*).",
                "illuminate/events": "Required to use the observers with Eloquent (5.2.*).",
                "illuminate/filesystem": "Required to use the migrations (5.2.*).",
                "illuminate/pagination": "Required to paginate the result set (5.2.*)."
            },
            "type": "library",
            "extra": {
                "branch-alias": {
                    "dev-master": "5.2-dev"
                }
            },
            "autoload": {
                "psr-4": {
                    "Illuminate\\Database\\": ""
                }
            },
            "notification-url": "https://packagist.org/downloads/",
            "license": [
                "MIT"
            ],
            "authors": [
                {
                    "name": "Taylor Otwell",
                    "email": "taylor@laravel.com"
                }
            ],
            "description": "The Illuminate Database package.",
            "homepage": "http://laravel.com",
            "keywords": [
                "database",
                "laravel",
                "orm",
                "sql"
            ],
            "time": "2016-08-25 07:01:20"
        },
        {
            "name": "illuminate/support",
            "version": "v5.2.45",
            "source": {
                "type": "git",
                "url": "https://github.com/illuminate/support.git",
                "reference": "510230ab62a7d85dc70203f4fdca6fb71a19e08a"
            },
            "dist": {
                "type": "zip",
                "url": "https://api.github.com/repos/illuminate/support/zipball/510230ab62a7d85dc70203f4fdca6fb71a19e08a",
                "reference": "510230ab62a7d85dc70203f4fdca6fb71a19e08a",
                "shasum": ""
            },
            "require": {
                "doctrine/inflector": "~1.0",
                "ext-mbstring": "*",
                "illuminate/contracts": "5.2.*",
                "paragonie/random_compat": "~1.4",
                "php": ">=5.5.9"
            },
            "replace": {
                "tightenco/collect": "self.version"
            },
            "suggest": {
                "illuminate/filesystem": "Required to use the composer class (5.2.*).",
                "jeremeamia/superclosure": "Required to be able to serialize closures (~2.2).",
                "symfony/polyfill-php56": "Required to use the hash_equals function on PHP 5.5 (~1.0).",
                "symfony/process": "Required to use the composer class (2.8.*|3.0.*).",
                "symfony/var-dumper": "Improves the dd function (2.8.*|3.0.*)."
            },
            "type": "library",
            "extra": {
                "branch-alias": {
                    "dev-master": "5.2-dev"
                }
            },
            "autoload": {
                "psr-4": {
                    "Illuminate\\Support\\": ""
                },
                "files": [
                    "helpers.php"
                ]
            },
            "notification-url": "https://packagist.org/downloads/",
            "license": [
                "MIT"
            ],
            "authors": [
                {
                    "name": "Taylor Otwell",
                    "email": "taylor@laravel.com"
                }
            ],
            "description": "The Illuminate Support package.",
            "homepage": "http://laravel.com",
            "time": "2016-08-05 14:49:58"
        },
        {
            "name": "nesbot/carbon",
            "version": "1.22.1",
            "source": {
                "type": "git",
                "url": "https://github.com/briannesbitt/Carbon.git",
                "reference": "7cdf42c0b1cc763ab7e4c33c47a24e27c66bfccc"
            },
            "dist": {
                "type": "zip",
                "url": "https://api.github.com/repos/briannesbitt/Carbon/zipball/7cdf42c0b1cc763ab7e4c33c47a24e27c66bfccc",
                "reference": "7cdf42c0b1cc763ab7e4c33c47a24e27c66bfccc",
                "shasum": ""
            },
            "require": {
                "php": ">=5.3.0",
                "symfony/translation": "~2.6 || ~3.0"
            },
            "require-dev": {
                "friendsofphp/php-cs-fixer": "~2",
                "phpunit/phpunit": "~4.0 || ~5.0"
            },
            "type": "library",
            "extra": {
                "branch-alias": {
                    "dev-master": "1.23-dev"
                }
            },
            "autoload": {
                "psr-4": {
                    "Carbon\\": "src/Carbon/"
                }
            },
            "notification-url": "https://packagist.org/downloads/",
            "license": [
                "MIT"
            ],
            "authors": [
                {
                    "name": "Brian Nesbitt",
                    "email": "brian@nesbot.com",
                    "homepage": "http://nesbot.com"
                }
            ],
            "description": "A simple API extension for DateTime.",
            "homepage": "http://carbon.nesbot.com",
            "keywords": [
                "date",
                "datetime",
                "time"
            ],
            "time": "2017-01-16 07:55:07"
        },
        {
            "name": "paragonie/random_compat",
            "version": "v1.4.2",
            "source": {
                "type": "git",
                "url": "https://github.com/paragonie/random_compat.git",
                "reference": "965cdeb01fdcab7653253aa81d40441d261f1e66"
            },
            "dist": {
                "type": "zip",
                "url": "https://api.github.com/repos/paragonie/random_compat/zipball/965cdeb01fdcab7653253aa81d40441d261f1e66",
                "reference": "965cdeb01fdcab7653253aa81d40441d261f1e66",
                "shasum": ""
            },
            "require": {
                "php": ">=5.2.0"
            },
            "require-dev": {
                "phpunit/phpunit": "4.*|5.*"
            },
            "suggest": {
                "ext-libsodium": "Provides a modern crypto API that can be used to generate random bytes."
            },
            "type": "library",
            "autoload": {
                "files": [
                    "lib/random.php"
                ]
            },
            "notification-url": "https://packagist.org/downloads/",
            "license": [
                "MIT"
            ],
            "authors": [
                {
                    "name": "Paragon Initiative Enterprises",
                    "email": "security@paragonie.com",
                    "homepage": "https://paragonie.com"
                }
            ],
            "description": "PHP 5.x polyfill for random_bytes() and random_int() from PHP 7",
            "keywords": [
                "csprng",
                "pseudorandom",
                "random"
            ],
            "time": "2017-03-13 16:22:52"
        },
        {
            "name": "symfony/http-foundation",
            "version": "v3.2.6",
            "source": {
                "type": "git",
                "url": "https://github.com/symfony/http-foundation.git",
                "reference": "c57009887010eb4e58bfca2970314a5b820b24b9"
            },
            "dist": {
                "type": "zip",
                "url": "https://api.github.com/repos/symfony/http-foundation/zipball/c57009887010eb4e58bfca2970314a5b820b24b9",
                "reference": "c57009887010eb4e58bfca2970314a5b820b24b9",
                "shasum": ""
            },
            "require": {
                "php": ">=5.5.9",
                "symfony/polyfill-mbstring": "~1.1"
            },
            "require-dev": {
                "symfony/expression-language": "~2.8|~3.0"
            },
            "type": "library",
            "extra": {
                "branch-alias": {
                    "dev-master": "3.2-dev"
                }
            },
            "autoload": {
                "psr-4": {
                    "Symfony\\Component\\HttpFoundation\\": ""
                },
                "exclude-from-classmap": [
                    "/Tests/"
                ]
            },
            "notification-url": "https://packagist.org/downloads/",
            "license": [
                "MIT"
            ],
            "authors": [
                {
                    "name": "Fabien Potencier",
                    "email": "fabien@symfony.com"
                },
                {
                    "name": "Symfony Community",
                    "homepage": "https://symfony.com/contributors"
                }
            ],
            "description": "Symfony HttpFoundation Component",
            "homepage": "https://symfony.com",
            "time": "2017-03-04 12:23:14"
        },
        {
            "name": "symfony/polyfill-mbstring",
            "version": "v1.3.0",
            "source": {
                "type": "git",
                "url": "https://github.com/symfony/polyfill-mbstring.git",
                "reference": "e79d363049d1c2128f133a2667e4f4190904f7f4"
            },
            "dist": {
                "type": "zip",
                "url": "https://api.github.com/repos/symfony/polyfill-mbstring/zipball/e79d363049d1c2128f133a2667e4f4190904f7f4",
                "reference": "e79d363049d1c2128f133a2667e4f4190904f7f4",
                "shasum": ""
            },
            "require": {
                "php": ">=5.3.3"
            },
            "suggest": {
                "ext-mbstring": "For best performance"
            },
            "type": "library",
            "extra": {
                "branch-alias": {
                    "dev-master": "1.3-dev"
                }
            },
            "autoload": {
                "psr-4": {
                    "Symfony\\Polyfill\\Mbstring\\": ""
                },
                "files": [
                    "bootstrap.php"
                ]
            },
            "notification-url": "https://packagist.org/downloads/",
            "license": [
                "MIT"
            ],
            "authors": [
                {
                    "name": "Nicolas Grekas",
                    "email": "p@tchwork.com"
                },
                {
                    "name": "Symfony Community",
                    "homepage": "https://symfony.com/contributors"
                }
            ],
            "description": "Symfony polyfill for the Mbstring extension",
            "homepage": "https://symfony.com",
            "keywords": [
                "compatibility",
                "mbstring",
                "polyfill",
                "portable",
                "shim"
            ],
            "time": "2016-11-14 01:06:16"
        },
        {
            "name": "symfony/translation",
            "version": "v3.2.6",
            "source": {
                "type": "git",
                "url": "https://github.com/symfony/translation.git",
                "reference": "0e1b15ce8fbf3890f4ccdac430ed5e07fdfe0690"
            },
            "dist": {
                "type": "zip",
                "url": "https://api.github.com/repos/symfony/translation/zipball/0e1b15ce8fbf3890f4ccdac430ed5e07fdfe0690",
                "reference": "0e1b15ce8fbf3890f4ccdac430ed5e07fdfe0690",
                "shasum": ""
            },
            "require": {
                "php": ">=5.5.9",
                "symfony/polyfill-mbstring": "~1.0"
            },
            "conflict": {
                "symfony/config": "<2.8"
            },
            "require-dev": {
                "psr/log": "~1.0",
                "symfony/config": "~2.8|~3.0",
                "symfony/intl": "^2.8.18|^3.2.5",
                "symfony/yaml": "~2.8|~3.0"
            },
            "suggest": {
                "psr/log": "To use logging capability in translator",
                "symfony/config": "",
                "symfony/yaml": ""
            },
            "type": "library",
            "extra": {
                "branch-alias": {
                    "dev-master": "3.2-dev"
                }
            },
            "autoload": {
                "psr-4": {
                    "Symfony\\Component\\Translation\\": ""
                },
                "exclude-from-classmap": [
                    "/Tests/"
                ]
            },
            "notification-url": "https://packagist.org/downloads/",
            "license": [
                "MIT"
            ],
            "authors": [
                {
                    "name": "Fabien Potencier",
                    "email": "fabien@symfony.com"
                },
                {
                    "name": "Symfony Community",
                    "homepage": "https://symfony.com/contributors"
                }
            ],
            "description": "Symfony Translation Component",
            "homepage": "https://symfony.com",
            "time": "2017-03-04 12:23:14"
        },
        {
            "name": "twig/twig",
            "version": "v1.31.0",
            "source": {
                "type": "git",
                "url": "https://github.com/twigphp/Twig.git",
                "reference": "ddc9e3e20ee9c0b6908f401ac8353635b750eca7"
            },
            "dist": {
                "type": "zip",
                "url": "https://api.github.com/repos/twigphp/Twig/zipball/ddc9e3e20ee9c0b6908f401ac8353635b750eca7",
                "reference": "ddc9e3e20ee9c0b6908f401ac8353635b750eca7",
                "shasum": ""
            },
            "require": {
                "php": ">=5.2.7"
            },
            "require-dev": {
                "symfony/debug": "~2.7",
                "symfony/phpunit-bridge": "~3.2"
            },
            "type": "library",
            "extra": {
                "branch-alias": {
                    "dev-master": "1.31-dev"
                }
            },
            "autoload": {
                "psr-0": {
                    "Twig_": "lib/"
                }
            },
            "notification-url": "https://packagist.org/downloads/",
            "license": [
                "BSD-3-Clause"
            ],
            "authors": [
                {
                    "name": "Fabien Potencier",
                    "email": "fabien@symfony.com",
                    "homepage": "http://fabien.potencier.org",
                    "role": "Lead Developer"
                },
                {
                    "name": "Armin Ronacher",
                    "email": "armin.ronacher@active-4.com",
                    "role": "Project Founder"
                },
                {
                    "name": "Twig Team",
                    "homepage": "http://twig.sensiolabs.org/contributors",
                    "role": "Contributors"
                }
            ],
            "description": "Twig, the flexible, fast, and secure template language for PHP",
            "homepage": "http://twig.sensiolabs.org",
            "keywords": [
                "templating"
            ],
            "time": "2017-01-11 19:36:15"
        },
        {
            "name": "vlucas/phpdotenv",
            "version": "v2.4.0",
            "source": {
                "type": "git",
                "url": "https://github.com/vlucas/phpdotenv.git",
                "reference": "3cc116adbe4b11be5ec557bf1d24dc5e3a21d18c"
            },
            "dist": {
                "type": "zip",
                "url": "https://api.github.com/repos/vlucas/phpdotenv/zipball/3cc116adbe4b11be5ec557bf1d24dc5e3a21d18c",
                "reference": "3cc116adbe4b11be5ec557bf1d24dc5e3a21d18c",
                "shasum": ""
            },
            "require": {
                "php": ">=5.3.9"
            },
            "require-dev": {
                "phpunit/phpunit": "^4.8 || ^5.0"
            },
            "type": "library",
            "extra": {
                "branch-alias": {
                    "dev-master": "2.4-dev"
                }
            },
            "autoload": {
                "psr-4": {
                    "Dotenv\\": "src/"
                }
            },
            "notification-url": "https://packagist.org/downloads/",
            "license": [
                "BSD-3-Clause-Attribution"
            ],
            "authors": [
                {
                    "name": "Vance Lucas",
                    "email": "vance@vancelucas.com",
                    "homepage": "http://www.vancelucas.com"
                }
            ],
            "description": "Loads environment variables from `.env` to `getenv()`, `$_ENV` and `$_SERVER` automagically.",
            "keywords": [
                "dotenv",
                "env",
                "environment"
            ],
            "time": "2016-09-01 10:05:43"
        }
    ],
    "packages-dev": [],
    "aliases": [],
    "minimum-stability": "stable",
    "stability-flags": [],
    "prefer-stable": false,
    "prefer-lowest": false,
    "platform": [],
    "platform-dev": []
}
